PODS:
  - Flutter (1.0.0)
  - zd_plugin (0.0.1):
    - Flutter

DEPENDENCIES:
  - Flutter (from `Flutter`)
  - zd_plugin (from `.symlinks/plugins/zd_plugin/ios`)

EXTERNAL SOURCES:
  Flutter:
    :path: Flutter
  zd_plugin:
    :path: ".symlinks/plugins/zd_plugin/ios"

SPEC CHECKSUMS:
  Flutter: cabc95a1d2626b1b06e7179b784ebcf0c0cde467
  zd_plugin: ee00248bf12a46435474425c59709cc78280dd02

PODFILE CHECKSUM: 3c63482e143d1b91d2d2560aee9fb04ecc74ac7e

COCOAPODS: 1.16.2
